
Microsoft Visual Studio Solution File, Format Version 12.00
# Visual Studio 15
VisualStudioVersion = 15.0.28307.421
MinimumVisualStudioVersion = 10.0.40219.1
Project("{888888A0-9F3D-457C-B088-3A5042F75D52}") = "SLEProto", "SLEProto.pyproj", "{70453A5E-F2CE-453E-8626-BDB0BE92E274}"
EndProject
Project("{888888A0-9F3D-457C-B088-3A5042F75D52}") = "WebScraper", "..\PythonApplication1\WebScraper.pyproj", "{C475F7C0-9E2B-426A-BDF9-204CEE5CF0B5}"
EndProject
Global
	GlobalSection(SolutionConfigurationPlatforms) = preSolution
		Debug|Any CPU = Debug|Any CPU
		Release|Any CPU = Release|Any CPU
	EndGlobalSection
	GlobalSection(ProjectConfigurationPlatforms) = postSolution
		{70453A5E-F2CE-453E-8626-BDB0BE92E274}.Debug|Any CPU.ActiveCfg = Debug|Any CPU
		{70453A5E-F2CE-453E-8626-BDB0BE92E274}.Release|Any CPU.ActiveCfg = Release|Any CPU
		{C475F7C0-9E2B-426A-BDF9-204CEE5CF0B5}.Debug|Any CPU.ActiveCfg = Debug|Any CPU
		{C475F7C0-9E2B-426A-BDF9-204CEE5CF0B5}.Release|Any CPU.ActiveCfg = Release|Any CPU
	EndGlobalSection
	GlobalSection(SolutionProperties) = preSolution
		HideSolutionNode = FALSE
	EndGlobalSection
	GlobalSection(ExtensibilityGlobals) = postSolution
		SolutionGuid = {5BDF46CA-DF91-44C1-AE11-9B358F7E0E15}
	EndGlobalSection
EndGlobal
